
Microsoft Visual Studio Solution File, Format Version 12.00
# Visual Studio 2013
VisualStudioVersion = 12.0.31101.0
MinimumVisualStudioVersion = 10.0.40219.1
Project("{FAE04EC0-301F-11D3-BF4B-00C04F79EFBC}") = "UnityNpgsql", "UnityNpgsql.csproj", "{3BA298DE-CC9A-4F5E-88BB-28F06B58D6DF}"
EndProject
Global
	GlobalSection(SolutionConfigurationPlatforms) = preSolution
		Debug|Any CPU = Debug|Any CPU
		Release|Any CPU = Release|Any CPU
	EndGlobalSection
	GlobalSection(ProjectConfigurationPlatforms) = postSolution
		{3BA298DE-CC9A-4F5E-88BB-28F06B58D6DF}.Debug|Any CPU.ActiveCfg = Debug|Any CPU
		{3BA298DE-CC9A-4F5E-88BB-28F06B58D6DF}.Debug|Any CPU.Build.0 = Debug|Any CPU
		{3BA298DE-CC9A-4F5E-88BB-28F06B58D6DF}.Release|Any CPU.ActiveCfg = Release|Any CPU
		{3BA298DE-CC9A-4F5E-88BB-28F06B58D6DF}.Release|Any CPU.Build.0 = Release|Any CPU
	EndGlobalSection
	GlobalSection(SolutionProperties) = preSolution
		HideSolutionNode = FALSE
	EndGlobalSection
EndGlobal
